
Microsoft Visual Studio Solution File, Format Version 10.00
# Visual Studio 2008
Project("{FAE04EC0-301F-11D3-BF4B-00C04F79EFBC}") = "Asteragy", "Asteragy\Asteragy.csproj", "{87BB0FB8-A06D-4014-84A6-7849BD5841AC}"
EndProject
Project("{FAE04EC0-301F-11D3-BF4B-00C04F79EFBC}") = "AsteragyPipeline", "AsteragyPipeline\AsteragyPipeline.csproj", "{E2B121F3-2BBD-4BEA-9314-B63EDBA662AD}"
EndProject
Project("{FAE04EC0-301F-11D3-BF4B-00C04F79EFBC}") = "AsteragyData", "AsteragyData\AsteragyData.csproj", "{ECEB85E2-2277-4C96-91E6-1F79E7CE9C2F}"
EndProject
Project("{FAE04EC0-301F-11D3-BF4B-00C04F79EFBC}") = "ContentXml", "ContentXml\ContentXml.csproj", "{02707C3A-12DA-437B-A35F-997E5D0C4F21}"
EndProject
Global
	GlobalSection(SolutionConfigurationPlatforms) = preSolution
		Debug|Any CPU = Debug|Any CPU
		Debug|Mixed Platforms = Debug|Mixed Platforms
		Debug|x86 = Debug|x86
		Debug|Xbox 360 = Debug|Xbox 360
		Debug|Zune = Debug|Zune
		Release|Any CPU = Release|Any CPU
		Release|Mixed Platforms = Release|Mixed Platforms
		Release|x86 = Release|x86
		Release|Xbox 360 = Release|Xbox 360
		Release|Zune = Release|Zune
	EndGlobalSection
	GlobalSection(ProjectConfigurationPlatforms) = postSolution
		{87BB0FB8-A06D-4014-84A6-7849BD5841AC}.Debug|Any CPU.ActiveCfg = Debug|x86
		{87BB0FB8-A06D-4014-84A6-7849BD5841AC}.Debug|Mixed Platforms.ActiveCfg = Debug|x86
		{87BB0FB8-A06D-4014-84A6-7849BD5841AC}.Debug|Mixed Platforms.Build.0 = Debug|x86
		{87BB0FB8-A06D-4014-84A6-7849BD5841AC}.Debug|x86.ActiveCfg = Debug|x86
		{87BB0FB8-A06D-4014-84A6-7849BD5841AC}.Debug|x86.Build.0 = Debug|x86
		{87BB0FB8-A06D-4014-84A6-7849BD5841AC}.Debug|Xbox 360.ActiveCfg = Debug|x86
		{87BB0FB8-A06D-4014-84A6-7849BD5841AC}.Debug|Zune.ActiveCfg = Debug|x86
		{87BB0FB8-A06D-4014-84A6-7849BD5841AC}.Release|Any CPU.ActiveCfg = Release|x86
		{87BB0FB8-A06D-4014-84A6-7849BD5841AC}.Release|Mixed Platforms.ActiveCfg = Release|x86
		{87BB0FB8-A06D-4014-84A6-7849BD5841AC}.Release|Mixed Platforms.Build.0 = Release|x86
		{87BB0FB8-A06D-4014-84A6-7849BD5841AC}.Release|x86.ActiveCfg = Release|x86
		{87BB0FB8-A06D-4014-84A6-7849BD5841AC}.Release|x86.Build.0 = Release|x86
		{87BB0FB8-A06D-4014-84A6-7849BD5841AC}.Release|Xbox 360.ActiveCfg = Release|x86
		{87BB0FB8-A06D-4014-84A6-7849BD5841AC}.Release|Zune.ActiveCfg = Release|x86
		{E2B121F3-2BBD-4BEA-9314-B63EDBA662AD}.Debug|Any CPU.ActiveCfg = Debug|Zune
		{E2B121F3-2BBD-4BEA-9314-B63EDBA662AD}.Debug|Mixed Platforms.ActiveCfg = Debug|Zune
		{E2B121F3-2BBD-4BEA-9314-B63EDBA662AD}.Debug|Mixed Platforms.Build.0 = Debug|Zune
		{E2B121F3-2BBD-4BEA-9314-B63EDBA662AD}.Debug|x86.ActiveCfg = Debug|x86
		{E2B121F3-2BBD-4BEA-9314-B63EDBA662AD}.Debug|x86.Build.0 = Debug|x86
		{E2B121F3-2BBD-4BEA-9314-B63EDBA662AD}.Debug|Xbox 360.ActiveCfg = Debug|Xbox 360
		{E2B121F3-2BBD-4BEA-9314-B63EDBA662AD}.Debug|Xbox 360.Build.0 = Debug|Xbox 360
		{E2B121F3-2BBD-4BEA-9314-B63EDBA662AD}.Debug|Zune.ActiveCfg = Debug|Zune
		{E2B121F3-2BBD-4BEA-9314-B63EDBA662AD}.Debug|Zune.Build.0 = Debug|Zune
		{E2B121F3-2BBD-4BEA-9314-B63EDBA662AD}.Release|Any CPU.ActiveCfg = Release|Zune
		{E2B121F3-2BBD-4BEA-9314-B63EDBA662AD}.Release|Mixed Platforms.ActiveCfg = Release|Zune
		{E2B121F3-2BBD-4BEA-9314-B63EDBA662AD}.Release|Mixed Platforms.Build.0 = Release|Zune
		{E2B121F3-2BBD-4BEA-9314-B63EDBA662AD}.Release|x86.ActiveCfg = Release|x86
		{E2B121F3-2BBD-4BEA-9314-B63EDBA662AD}.Release|x86.Build.0 = Release|x86
		{E2B121F3-2BBD-4BEA-9314-B63EDBA662AD}.Release|Xbox 360.ActiveCfg = Release|Xbox 360
		{E2B121F3-2BBD-4BEA-9314-B63EDBA662AD}.Release|Xbox 360.Build.0 = Release|Xbox 360
		{E2B121F3-2BBD-4BEA-9314-B63EDBA662AD}.Release|Zune.ActiveCfg = Release|Zune
		{E2B121F3-2BBD-4BEA-9314-B63EDBA662AD}.Release|Zune.Build.0 = Release|Zune
		{1DAE2B7A-1834-4654-AECF-E190373FE58C}.Debug|Any CPU.ActiveCfg = Debug|x86
		{1DAE2B7A-1834-4654-AECF-E190373FE58C}.Debug|Mixed Platforms.ActiveCfg = Debug|x86
		{1DAE2B7A-1834-4654-AECF-E190373FE58C}.Debug|x86.ActiveCfg = Debug|x86
		{1DAE2B7A-1834-4654-AECF-E190373FE58C}.Debug|Xbox 360.ActiveCfg = Debug|x86
		{1DAE2B7A-1834-4654-AECF-E190373FE58C}.Debug|Zune.ActiveCfg = Debug|x86
		{1DAE2B7A-1834-4654-AECF-E190373FE58C}.Release|Any CPU.ActiveCfg = Release|x86
		{1DAE2B7A-1834-4654-AECF-E190373FE58C}.Release|Mixed Platforms.ActiveCfg = Release|x86
		{1DAE2B7A-1834-4654-AECF-E190373FE58C}.Release|x86.ActiveCfg = Release|x86
		{1DAE2B7A-1834-4654-AECF-E190373FE58C}.Release|Xbox 360.ActiveCfg = Release|x86
		{1DAE2B7A-1834-4654-AECF-E190373FE58C}.Release|Zune.ActiveCfg = Release|x86
		{ECEB85E2-2277-4C96-91E6-1F79E7CE9C2F}.Debug|Any CPU.ActiveCfg = Debug|Any CPU
		{ECEB85E2-2277-4C96-91E6-1F79E7CE9C2F}.Debug|Any CPU.Build.0 = Debug|Any CPU
		{ECEB85E2-2277-4C96-91E6-1F79E7CE9C2F}.Debug|Mixed Platforms.ActiveCfg = Debug|Any CPU
		{ECEB85E2-2277-4C96-91E6-1F79E7CE9C2F}.Debug|Mixed Platforms.Build.0 = Debug|Any CPU
		{ECEB85E2-2277-4C96-91E6-1F79E7CE9C2F}.Debug|x86.ActiveCfg = Debug|Any CPU
		{ECEB85E2-2277-4C96-91E6-1F79E7CE9C2F}.Debug|Xbox 360.ActiveCfg = Debug|Any CPU
		{ECEB85E2-2277-4C96-91E6-1F79E7CE9C2F}.Debug|Zune.ActiveCfg = Debug|Any CPU
		{ECEB85E2-2277-4C96-91E6-1F79E7CE9C2F}.Release|Any CPU.ActiveCfg = Release|Any CPU
		{ECEB85E2-2277-4C96-91E6-1F79E7CE9C2F}.Release|Any CPU.Build.0 = Release|Any CPU
		{ECEB85E2-2277-4C96-91E6-1F79E7CE9C2F}.Release|Mixed Platforms.ActiveCfg = Release|Any CPU
		{ECEB85E2-2277-4C96-91E6-1F79E7CE9C2F}.Release|Mixed Platforms.Build.0 = Release|Any CPU
		{ECEB85E2-2277-4C96-91E6-1F79E7CE9C2F}.Release|x86.ActiveCfg = Release|Any CPU
		{ECEB85E2-2277-4C96-91E6-1F79E7CE9C2F}.Release|Xbox 360.ActiveCfg = Release|Any CPU
		{ECEB85E2-2277-4C96-91E6-1F79E7CE9C2F}.Release|Zune.ActiveCfg = Release|Any CPU
		{02707C3A-12DA-437B-A35F-997E5D0C4F21}.Debug|Any CPU.ActiveCfg = Debug|Any CPU
		{02707C3A-12DA-437B-A35F-997E5D0C4F21}.Debug|Any CPU.Build.0 = Debug|Any CPU
		{02707C3A-12DA-437B-A35F-997E5D0C4F21}.Debug|Mixed Platforms.ActiveCfg = Debug|Any CPU
		{02707C3A-12DA-437B-A35F-997E5D0C4F21}.Debug|Mixed Platforms.Build.0 = Debug|Any CPU
		{02707C3A-12DA-437B-A35F-997E5D0C4F21}.Debug|x86.ActiveCfg = Debug|Any CPU
		{02707C3A-12DA-437B-A35F-997E5D0C4F21}.Debug|Xbox 360.ActiveCfg = Debug|Any CPU
		{02707C3A-12DA-437B-A35F-997E5D0C4F21}.Debug|Zune.ActiveCfg = Debug|Any CPU
		{02707C3A-12DA-437B-A35F-997E5D0C4F21}.Release|Any CPU.ActiveCfg = Release|Any CPU
		{02707C3A-12DA-437B-A35F-997E5D0C4F21}.Release|Any CPU.Build.0 = Release|Any CPU
		{02707C3A-12DA-437B-A35F-997E5D0C4F21}.Release|Mixed Platforms.ActiveCfg = Release|Any CPU
		{02707C3A-12DA-437B-A35F-997E5D0C4F21}.Release|Mixed Platforms.Build.0 = Release|Any CPU
		{02707C3A-12DA-437B-A35F-997E5D0C4F21}.Release|x86.ActiveCfg = Release|Any CPU
		{02707C3A-12DA-437B-A35F-997E5D0C4F21}.Release|Xbox 360.ActiveCfg = Release|Any CPU
		{02707C3A-12DA-437B-A35F-997E5D0C4F21}.Release|Zune.ActiveCfg = Release|Any CPU
	EndGlobalSection
	GlobalSection(SolutionProperties) = preSolution
		HideSolutionNode = FALSE
	EndGlobalSection
EndGlobal
